
Microsoft Visual Studio Solution File, Format Version 12.00
# Visual Studio Version 17
VisualStudioVersion = 17.5.33424.131
MinimumVisualStudioVersion = 10.0.40219.1
Project("{FAE04EC0-301F-11D3-BF4B-00C04F79EFBC}") = "ruleta-api", "ruleta-api\ruleta-api.csproj", "{B214C129-C7AD-4C47-BDCE-3EAB004C8EFC}"
EndProject
Project("{2150E333-8FDC-42A3-9474-1A3956D46DE8}") = "Solution Items", "Solution Items", "{235B89F6-4F5D-41BB-BE06-5A21985206D1}"
	ProjectSection(SolutionItems) = preProject
		.editorconfig = .editorconfig
	EndProjectSection
EndProject
Global
	GlobalSection(SolutionConfigurationPlatforms) = preSolution
		Debug|Any CPU = Debug|Any CPU
		Release|Any CPU = Release|Any CPU
	EndGlobalSection
	GlobalSection(ProjectConfigurationPlatforms) = postSolution
		{B214C129-C7AD-4C47-BDCE-3EAB004C8EFC}.Debug|Any CPU.ActiveCfg = Debug|Any CPU
		{B214C129-C7AD-4C47-BDCE-3EAB004C8EFC}.Debug|Any CPU.Build.0 = Debug|Any CPU
		{B214C129-C7AD-4C47-BDCE-3EAB004C8EFC}.Release|Any CPU.ActiveCfg = Release|Any CPU
		{B214C129-C7AD-4C47-BDCE-3EAB004C8EFC}.Release|Any CPU.Build.0 = Release|Any CPU
	EndGlobalSection
	GlobalSection(SolutionProperties) = preSolution
		HideSolutionNode = FALSE
	EndGlobalSection
	GlobalSection(ExtensibilityGlobals) = postSolution
		SolutionGuid = {DC634E41-2817-46A4-8408-01F1CF6EA767}
	EndGlobalSection
EndGlobal
